
Microsoft Visual Studio Solution File, Format Version 12.00
# Visual Studio 14
VisualStudioVersion = 14.0.25420.1
MinimumVisualStudioVersion = 10.0.40219.1
Project("{2150E333-8FDC-42A3-9474-1A3956D46DE8}") = "src", "src", "{9189DC29-875F-41A6-BC6A-38E16BCE19FD}"
EndProject
Project("{2150E333-8FDC-42A3-9474-1A3956D46DE8}") = "Solution Items", "Solution Items", "{A61C1A54-91BB-44BC-8F32-1C66C46FC550}"
	ProjectSection(SolutionItems) = preProject
		global.json = global.json
	EndProjectSection
EndProject
Project("{8BB2217D-0F2D-49D1-97BC-3654ED321F3B}") = "IAG.PhoneBook.API", "src\IAG.PhoneBook.API\IAG.PhoneBook.API.xproj", "{C028ADCA-03CD-4883-910C-E8F1393884CA}"
EndProject
Project("{8BB2217D-0F2D-49D1-97BC-3654ED321F3B}") = "Dashboard", "..\Dashboard\Dashboard.xproj", "{EEE74B68-2045-4D82-90AE-B80AE008C646}"
EndProject
Global
	GlobalSection(SolutionConfigurationPlatforms) = preSolution
		Debug|Any CPU = Debug|Any CPU
		Release|Any CPU = Release|Any CPU
	EndGlobalSection
	GlobalSection(ProjectConfigurationPlatforms) = postSolution
		{C028ADCA-03CD-4883-910C-E8F1393884CA}.Debug|Any CPU.ActiveCfg = Debug|Any CPU
		{C028ADCA-03CD-4883-910C-E8F1393884CA}.Debug|Any CPU.Build.0 = Debug|Any CPU
		{C028ADCA-03CD-4883-910C-E8F1393884CA}.Release|Any CPU.ActiveCfg = Release|Any CPU
		{C028ADCA-03CD-4883-910C-E8F1393884CA}.Release|Any CPU.Build.0 = Release|Any CPU
		{EEE74B68-2045-4D82-90AE-B80AE008C646}.Debug|Any CPU.ActiveCfg = Debug|Any CPU
		{EEE74B68-2045-4D82-90AE-B80AE008C646}.Debug|Any CPU.Build.0 = Debug|Any CPU
		{EEE74B68-2045-4D82-90AE-B80AE008C646}.Release|Any CPU.ActiveCfg = Release|Any CPU
		{EEE74B68-2045-4D82-90AE-B80AE008C646}.Release|Any CPU.Build.0 = Release|Any CPU
	EndGlobalSection
	GlobalSection(SolutionProperties) = preSolution
		HideSolutionNode = FALSE
	EndGlobalSection
	GlobalSection(NestedProjects) = preSolution
		{C028ADCA-03CD-4883-910C-E8F1393884CA} = {9189DC29-875F-41A6-BC6A-38E16BCE19FD}
		{EEE74B68-2045-4D82-90AE-B80AE008C646} = {9189DC29-875F-41A6-BC6A-38E16BCE19FD}
	EndGlobalSection
EndGlobal
